# This file is automatically @generated by Cargo.
# It is not intended for manual editing.
version = 3

[[package]]
name = "concurency_thread"
version = "0.1.0"
dependencies = [
 "stack-stack",
]

[[package]]
name = "stack-stack"
version = "0.1.0"
source = "registry+https://github.com/rust-lang/crates.io-index"
checksum = "aa40d7ee49cf61c4e86d88191a40d0c2e84a214c3af871f4fc57757ea8d793de"
